
Microsoft Visual Studio Solution File, Format Version 12.00
# Visual Studio 14
VisualStudioVersion = 14.0.24720.0
MinimumVisualStudioVersion = 10.0.40219.1
Project("{2150E333-8FDC-42A3-9474-1A3956D46DE8}") = "Solution Items", "Solution Items", "{1D9CC532-97D9-4D03-B782-9963BAB313E2}"
	ProjectSection(SolutionItems) = preProject
		pbkdf2-cli\global.json = pbkdf2-cli\global.json
	EndProjectSection
EndProject
Project("{8BB2217D-0F2D-49D1-97BC-3654ED321F3B}") = "pbkdf2", "pbkdf2\pbkdf2.xproj", "{C2F57098-6A1E-4C1C-9087-FEA78FB9AA95}"
EndProject
Global
	GlobalSection(SolutionConfigurationPlatforms) = preSolution
		Debug|Any CPU = Debug|Any CPU
		Release|Any CPU = Release|Any CPU
	EndGlobalSection
	GlobalSection(ProjectConfigurationPlatforms) = postSolution
		{C2F57098-6A1E-4C1C-9087-FEA78FB9AA95}.Debug|Any CPU.ActiveCfg = Debug|Any CPU
		{C2F57098-6A1E-4C1C-9087-FEA78FB9AA95}.Debug|Any CPU.Build.0 = Debug|Any CPU
		{C2F57098-6A1E-4C1C-9087-FEA78FB9AA95}.Release|Any CPU.ActiveCfg = Release|Any CPU
		{C2F57098-6A1E-4C1C-9087-FEA78FB9AA95}.Release|Any CPU.Build.0 = Release|Any CPU
	EndGlobalSection
	GlobalSection(SolutionProperties) = preSolution
		HideSolutionNode = FALSE
	EndGlobalSection
EndGlobal
